
Microsoft Visual Studio Solution File, Format Version 12.00
# Visual Studio Version 17
VisualStudioVersion = 17.3.32825.248
MinimumVisualStudioVersion = 10.0.40219.1
Project("{8BC9CEB8-8B4A-11D0-8D11-00A0C91BC942}") = "Server", "Server\Server.vcxproj", "{E45A0D3B-08E6-4EFB-89AD-43C6DF8C8E2F}"
EndProject
Global
	GlobalSection(SolutionConfigurationPlatforms) = preSolution
		Debug|x64 = Debug|x64
		Debug|x86 = Debug|x86
		Release|x64 = Release|x64
		Release|x86 = Release|x86
	EndGlobalSection
	GlobalSection(ProjectConfigurationPlatforms) = postSolution
		{E45A0D3B-08E6-4EFB-89AD-43C6DF8C8E2F}.Debug|x64.ActiveCfg = Debug|x64
		{E45A0D3B-08E6-4EFB-89AD-43C6DF8C8E2F}.Debug|x64.Build.0 = Debug|x64
		{E45A0D3B-08E6-4EFB-89AD-43C6DF8C8E2F}.Debug|x86.ActiveCfg = Debug|Win32
		{E45A0D3B-08E6-4EFB-89AD-43C6DF8C8E2F}.Debug|x86.Build.0 = Debug|Win32
		{E45A0D3B-08E6-4EFB-89AD-43C6DF8C8E2F}.Release|x64.ActiveCfg = Release|x64
		{E45A0D3B-08E6-4EFB-89AD-43C6DF8C8E2F}.Release|x64.Build.0 = Release|x64
		{E45A0D3B-08E6-4EFB-89AD-43C6DF8C8E2F}.Release|x86.ActiveCfg = Release|Win32
		{E45A0D3B-08E6-4EFB-89AD-43C6DF8C8E2F}.Release|x86.Build.0 = Release|Win32
	EndGlobalSection
	GlobalSection(SolutionProperties) = preSolution
		HideSolutionNode = FALSE
	EndGlobalSection
	GlobalSection(ExtensibilityGlobals) = postSolution
		SolutionGuid = {877500E6-8873-4B61-B44F-402F2EDC3D2D}
	EndGlobalSection
EndGlobal
